
Microsoft Visual Studio Solution File, Format Version 12.00
# Visual Studio Version 16
VisualStudioVersion = 16.0.30330.147
MinimumVisualStudioVersion = 10.0.40219.1
Project("{9A19103F-16F7-4668-BE54-9A1E7A4F7556}") = "XlsToJsonConverter", "XlsToJsonConverter\XlsToJsonConverter.csproj", "{FC752AD0-E739-4292-B949-36FFBFE56851}"
EndProject
Project("{9A19103F-16F7-4668-BE54-9A1E7A4F7556}") = "XlsToJsonConverter.Tests", "XlsToJsonConverter.Tests\XlsToJsonConverter.Tests.csproj", "{2BBE2CA0-BE81-44C4-807D-438BAF8DDDAB}"
EndProject
Global
	GlobalSection(SolutionConfigurationPlatforms) = preSolution
		Debug|Any CPU = Debug|Any CPU
		Release|Any CPU = Release|Any CPU
	EndGlobalSection
	GlobalSection(ProjectConfigurationPlatforms) = postSolution
		{FC752AD0-E739-4292-B949-36FFBFE56851}.Debug|Any CPU.ActiveCfg = Debug|Any CPU
		{FC752AD0-E739-4292-B949-36FFBFE56851}.Debug|Any CPU.Build.0 = Debug|Any CPU
		{FC752AD0-E739-4292-B949-36FFBFE56851}.Release|Any CPU.ActiveCfg = Release|Any CPU
		{FC752AD0-E739-4292-B949-36FFBFE56851}.Release|Any CPU.Build.0 = Release|Any CPU
		{2BBE2CA0-BE81-44C4-807D-438BAF8DDDAB}.Debug|Any CPU.ActiveCfg = Debug|Any CPU
		{2BBE2CA0-BE81-44C4-807D-438BAF8DDDAB}.Debug|Any CPU.Build.0 = Debug|Any CPU
		{2BBE2CA0-BE81-44C4-807D-438BAF8DDDAB}.Release|Any CPU.ActiveCfg = Release|Any CPU
		{2BBE2CA0-BE81-44C4-807D-438BAF8DDDAB}.Release|Any CPU.Build.0 = Release|Any CPU
	EndGlobalSection
	GlobalSection(SolutionProperties) = preSolution
		HideSolutionNode = FALSE
	EndGlobalSection
	GlobalSection(ExtensibilityGlobals) = postSolution
		SolutionGuid = {8CD84DE9-76AA-4A9D-B15C-A5A0FF39AA8A}
	EndGlobalSection
EndGlobal
